
Microsoft Visual Studio Solution File, Format Version 12.00
# Visual Studio Version 16
VisualStudioVersion = 16.0.31321.278
MinimumVisualStudioVersion = 10.0.40219.1
Project("{FAE04EC0-301F-11D3-BF4B-00C04F79EFBC}") = "MAZE", "MAZE\MAZE.csproj", "{AA17F8A6-47F4-49F1-A6B7-2EEF76435C64}"
EndProject
Global
	GlobalSection(SolutionConfigurationPlatforms) = preSolution
		Debug|Any CPU = Debug|Any CPU
		Release|Any CPU = Release|Any CPU
	EndGlobalSection
	GlobalSection(ProjectConfigurationPlatforms) = postSolution
		{AA17F8A6-47F4-49F1-A6B7-2EEF76435C64}.Debug|Any CPU.ActiveCfg = Debug|Any CPU
		{AA17F8A6-47F4-49F1-A6B7-2EEF76435C64}.Debug|Any CPU.Build.0 = Debug|Any CPU
		{AA17F8A6-47F4-49F1-A6B7-2EEF76435C64}.Release|Any CPU.ActiveCfg = Release|Any CPU
		{AA17F8A6-47F4-49F1-A6B7-2EEF76435C64}.Release|Any CPU.Build.0 = Release|Any CPU
	EndGlobalSection
	GlobalSection(SolutionProperties) = preSolution
		HideSolutionNode = FALSE
	EndGlobalSection
	GlobalSection(ExtensibilityGlobals) = postSolution
		SolutionGuid = {C7628143-CE4F-46CF-8CEB-958088F4E3E9}
	EndGlobalSection
EndGlobal
